
Microsoft Visual Studio Solution File, Format Version 12.00
# Visual Studio Version 16
VisualStudioVersion = 16.0.32413.511
MinimumVisualStudioVersion = 10.0.40219.1
Project("{FAE04EC0-301F-11D3-BF4B-00C04F79EFBC}") = "contact__", "contact__\contact__.csproj", "{0F7BC342-237D-44F3-B190-056A92FD10F8}"
EndProject
Global
	GlobalSection(SolutionConfigurationPlatforms) = preSolution
		Debug|Any CPU = Debug|Any CPU
		Release|Any CPU = Release|Any CPU
	EndGlobalSection
	GlobalSection(ProjectConfigurationPlatforms) = postSolution
		{0F7BC342-237D-44F3-B190-056A92FD10F8}.Debug|Any CPU.ActiveCfg = Debug|Any CPU
		{0F7BC342-237D-44F3-B190-056A92FD10F8}.Debug|Any CPU.Build.0 = Debug|Any CPU
		{0F7BC342-237D-44F3-B190-056A92FD10F8}.Release|Any CPU.ActiveCfg = Release|Any CPU
		{0F7BC342-237D-44F3-B190-056A92FD10F8}.Release|Any CPU.Build.0 = Release|Any CPU
	EndGlobalSection
	GlobalSection(SolutionProperties) = preSolution
		HideSolutionNode = FALSE
	EndGlobalSection
	GlobalSection(ExtensibilityGlobals) = postSolution
		SolutionGuid = {4B5E3886-B848-46CE-8F24-8F89D55557CD}
	EndGlobalSection
EndGlobal
